
Microsoft Visual Studio Solution File, Format Version 12.00
# Visual Studio Version 17
VisualStudioVersion = 17.3.32804.467
MinimumVisualStudioVersion = 10.0.40219.1
Project("{FAE04EC0-301F-11D3-BF4B-00C04F79EFBC}") = "Operatorler", "Operatorler\Operatorler.csproj", "{F79E2C42-3E80-418B-B566-76B778DFAF6B}"
EndProject
Project("{FAE04EC0-301F-11D3-BF4B-00C04F79EFBC}") = "KararYapilari", "KararYapilari\KararYapilari.csproj", "{2A43029D-61A3-4385-AE22-26D1DCA07709}"
EndProject
Project("{FAE04EC0-301F-11D3-BF4B-00C04F79EFBC}") = "Donguler", "Donguler\Donguler.csproj", "{C22AFDC0-BA6C-4044-8F6D-B98F163F61ED}"
EndProject
Project("{FAE04EC0-301F-11D3-BF4B-00C04F79EFBC}") = "Metotlar", "Metotlar\Metotlar.csproj", "{EF6DC7AC-3300-4F32-A01B-CE1A2460DE44}"
EndProject
Project("{FAE04EC0-301F-11D3-BF4B-00C04F79EFBC}") = "KutuphaneSistemi", "KutuphaneSistemi\KutuphaneSistemi.csproj", "{414D84EB-7D0A-4090-8FF4-FD83E11ADBC3}"
EndProject
Global
	GlobalSection(SolutionConfigurationPlatforms) = preSolution
		Debug|Any CPU = Debug|Any CPU
		Release|Any CPU = Release|Any CPU
	EndGlobalSection
	GlobalSection(ProjectConfigurationPlatforms) = postSolution
		{F79E2C42-3E80-418B-B566-76B778DFAF6B}.Debug|Any CPU.ActiveCfg = Debug|Any CPU
		{F79E2C42-3E80-418B-B566-76B778DFAF6B}.Debug|Any CPU.Build.0 = Debug|Any CPU
		{F79E2C42-3E80-418B-B566-76B778DFAF6B}.Release|Any CPU.ActiveCfg = Release|Any CPU
		{F79E2C42-3E80-418B-B566-76B778DFAF6B}.Release|Any CPU.Build.0 = Release|Any CPU
		{2A43029D-61A3-4385-AE22-26D1DCA07709}.Debug|Any CPU.ActiveCfg = Debug|Any CPU
		{2A43029D-61A3-4385-AE22-26D1DCA07709}.Debug|Any CPU.Build.0 = Debug|Any CPU
		{2A43029D-61A3-4385-AE22-26D1DCA07709}.Release|Any CPU.ActiveCfg = Release|Any CPU
		{2A43029D-61A3-4385-AE22-26D1DCA07709}.Release|Any CPU.Build.0 = Release|Any CPU
		{C22AFDC0-BA6C-4044-8F6D-B98F163F61ED}.Debug|Any CPU.ActiveCfg = Debug|Any CPU
		{C22AFDC0-BA6C-4044-8F6D-B98F163F61ED}.Debug|Any CPU.Build.0 = Debug|Any CPU
		{C22AFDC0-BA6C-4044-8F6D-B98F163F61ED}.Release|Any CPU.ActiveCfg = Release|Any CPU
		{C22AFDC0-BA6C-4044-8F6D-B98F163F61ED}.Release|Any CPU.Build.0 = Release|Any CPU
		{EF6DC7AC-3300-4F32-A01B-CE1A2460DE44}.Debug|Any CPU.ActiveCfg = Debug|Any CPU
		{EF6DC7AC-3300-4F32-A01B-CE1A2460DE44}.Debug|Any CPU.Build.0 = Debug|Any CPU
		{EF6DC7AC-3300-4F32-A01B-CE1A2460DE44}.Release|Any CPU.ActiveCfg = Release|Any CPU
		{EF6DC7AC-3300-4F32-A01B-CE1A2460DE44}.Release|Any CPU.Build.0 = Release|Any CPU
		{414D84EB-7D0A-4090-8FF4-FD83E11ADBC3}.Debug|Any CPU.ActiveCfg = Debug|Any CPU
		{414D84EB-7D0A-4090-8FF4-FD83E11ADBC3}.Debug|Any CPU.Build.0 = Debug|Any CPU
		{414D84EB-7D0A-4090-8FF4-FD83E11ADBC3}.Release|Any CPU.ActiveCfg = Release|Any CPU
		{414D84EB-7D0A-4090-8FF4-FD83E11ADBC3}.Release|Any CPU.Build.0 = Release|Any CPU
	EndGlobalSection
	GlobalSection(SolutionProperties) = preSolution
		HideSolutionNode = FALSE
	EndGlobalSection
	GlobalSection(ExtensibilityGlobals) = postSolution
		SolutionGuid = {30A924A9-17A6-4D83-9B6E-07FF0E7922E5}
	EndGlobalSection
EndGlobal
